
Microsoft Visual Studio Solution File, Format Version 12.00
# Visual Studio 15
VisualStudioVersion = 15.0.27130.2026
MinimumVisualStudioVersion = 10.0.40219.1
Project("{FAE04EC0-301F-11D3-BF4B-00C04F79EFBC}") = "Suplex.Security.FileSystemDal", "Suplex.Security.FileSystemDal\Suplex.Security.FileSystemDal.csproj", "{EC01C78D-C787-479D-85BF-E65D2424C681}"
EndProject
Project("{2150E333-8FDC-42A3-9474-1A3956D46DE8}") = "scripts", "scripts", "{D1B22234-F58B-4043-B612-0F83F1A8B223}"
	ProjectSection(SolutionItems) = preProject
		scripts\AssemblyInfo.xml = scripts\AssemblyInfo.xml
	EndProjectSection
EndProject
Project("{FAE04EC0-301F-11D3-BF4B-00C04F79EFBC}") = "UnitTests.FileSystemDal", "UnitTests.FileSystemDal\UnitTests.FileSystemDal.csproj", "{9063369E-1F88-49EC-B936-CC6378F67567}"
EndProject
Global
	GlobalSection(SolutionConfigurationPlatforms) = preSolution
		Debug|Any CPU = Debug|Any CPU
		Release|Any CPU = Release|Any CPU
	EndGlobalSection
	GlobalSection(ProjectConfigurationPlatforms) = postSolution
		{EC01C78D-C787-479D-85BF-E65D2424C681}.Debug|Any CPU.ActiveCfg = Debug|Any CPU
		{EC01C78D-C787-479D-85BF-E65D2424C681}.Debug|Any CPU.Build.0 = Debug|Any CPU
		{EC01C78D-C787-479D-85BF-E65D2424C681}.Release|Any CPU.ActiveCfg = Release|Any CPU
		{EC01C78D-C787-479D-85BF-E65D2424C681}.Release|Any CPU.Build.0 = Release|Any CPU
		{9063369E-1F88-49EC-B936-CC6378F67567}.Debug|Any CPU.ActiveCfg = Debug|Any CPU
		{9063369E-1F88-49EC-B936-CC6378F67567}.Debug|Any CPU.Build.0 = Debug|Any CPU
		{9063369E-1F88-49EC-B936-CC6378F67567}.Release|Any CPU.ActiveCfg = Release|Any CPU
		{9063369E-1F88-49EC-B936-CC6378F67567}.Release|Any CPU.Build.0 = Release|Any CPU
	EndGlobalSection
	GlobalSection(SolutionProperties) = preSolution
		HideSolutionNode = FALSE
	EndGlobalSection
	GlobalSection(ExtensibilityGlobals) = postSolution
		SolutionGuid = {D0F205FD-FF63-4CED-A91F-90AAD078CB84}
	EndGlobalSection
EndGlobal
